
Microsoft Visual Studio Solution File, Format Version 12.00
# Visual Studio Version 16
VisualStudioVersion = 16.0.31702.278
MinimumVisualStudioVersion = 10.0.40219.1
Project("{FAE04EC0-301F-11D3-BF4B-00C04F79EFBC}") = "Method1", "Method1\Method1.csproj", "{76B93321-5F75-4048-87D9-B7D927C57A8F}"
EndProject
Project("{FAE04EC0-301F-11D3-BF4B-00C04F79EFBC}") = "Method2", "Method2\Method2.csproj", "{7EDE2E12-EE7A-4FBE-BFE8-8391CEFA7CE4}"
EndProject
Project("{FAE04EC0-301F-11D3-BF4B-00C04F79EFBC}") = "Method3", "Method3\Method3.csproj", "{82E6DB16-0C4C-4648-9593-DE78B47854C5}"
EndProject
Global
	GlobalSection(SolutionConfigurationPlatforms) = preSolution
		Debug|Any CPU = Debug|Any CPU
		Release|Any CPU = Release|Any CPU
	EndGlobalSection
	GlobalSection(ProjectConfigurationPlatforms) = postSolution
		{76B93321-5F75-4048-87D9-B7D927C57A8F}.Debug|Any CPU.ActiveCfg = Debug|Any CPU
		{76B93321-5F75-4048-87D9-B7D927C57A8F}.Debug|Any CPU.Build.0 = Debug|Any CPU
		{76B93321-5F75-4048-87D9-B7D927C57A8F}.Release|Any CPU.ActiveCfg = Release|Any CPU
		{76B93321-5F75-4048-87D9-B7D927C57A8F}.Release|Any CPU.Build.0 = Release|Any CPU
		{7EDE2E12-EE7A-4FBE-BFE8-8391CEFA7CE4}.Debug|Any CPU.ActiveCfg = Debug|Any CPU
		{7EDE2E12-EE7A-4FBE-BFE8-8391CEFA7CE4}.Debug|Any CPU.Build.0 = Debug|Any CPU
		{7EDE2E12-EE7A-4FBE-BFE8-8391CEFA7CE4}.Release|Any CPU.ActiveCfg = Release|Any CPU
		{7EDE2E12-EE7A-4FBE-BFE8-8391CEFA7CE4}.Release|Any CPU.Build.0 = Release|Any CPU
		{82E6DB16-0C4C-4648-9593-DE78B47854C5}.Debug|Any CPU.ActiveCfg = Debug|Any CPU
		{82E6DB16-0C4C-4648-9593-DE78B47854C5}.Debug|Any CPU.Build.0 = Debug|Any CPU
		{82E6DB16-0C4C-4648-9593-DE78B47854C5}.Release|Any CPU.ActiveCfg = Release|Any CPU
		{82E6DB16-0C4C-4648-9593-DE78B47854C5}.Release|Any CPU.Build.0 = Release|Any CPU
	EndGlobalSection
	GlobalSection(SolutionProperties) = preSolution
		HideSolutionNode = FALSE
	EndGlobalSection
	GlobalSection(ExtensibilityGlobals) = postSolution
		SolutionGuid = {04CF8B37-FAD8-4DA7-BFC7-D2F7E47B3ADB}
	EndGlobalSection
EndGlobal
